
Microsoft Visual Studio Solution File, Format Version 12.00
# Visual Studio Version 17
VisualStudioVersion = 17.5.33424.131
MinimumVisualStudioVersion = 10.0.40219.1
Project("{2150E333-8FDC-42A3-9474-1A3956D46DE8}") = "src", "src", "{A5AAEA1F-8266-4780-BDD1-CDDF3E31A3FC}"
EndProject
Project("{9A19103F-16F7-4668-BE54-9A1E7A4F7556}") = "AE.Notice.WebApp", "src\AE.Notice.WebApp\AE.Notice.WebApp.csproj", "{4F347BAB-D30A-4C42-B2BD-91057D685444}"
EndProject
Project("{9A19103F-16F7-4668-BE54-9A1E7A4F7556}") = "AE.Notice.Common", "src\AE.Notice.Common\AE.Notice.Common.csproj", "{F16D7D15-9B18-4630-9053-ED8433BA4E79}"
EndProject
Project("{2150E333-8FDC-42A3-9474-1A3956D46DE8}") = "솔루션 항목", "솔루션 항목", "{6DC3CC50-2B2B-444F-980D-C3BCF0BE073D}"
	ProjectSection(SolutionItems) = preProject
		README.md = README.md
	EndProjectSection
EndProject
Project("{E53339B2-1760-4266-BCC7-CA923CBCF16C}") = "docker-compose", "docker-compose.dcproj", "{70BD4096-440D-4D83-B2D7-DD721F7D4629}"
EndProject
Global
	GlobalSection(SolutionConfigurationPlatforms) = preSolution
		Debug|Any CPU = Debug|Any CPU
		Release|Any CPU = Release|Any CPU
	EndGlobalSection
	GlobalSection(ProjectConfigurationPlatforms) = postSolution
		{4F347BAB-D30A-4C42-B2BD-91057D685444}.Debug|Any CPU.ActiveCfg = Debug|Any CPU
		{4F347BAB-D30A-4C42-B2BD-91057D685444}.Debug|Any CPU.Build.0 = Debug|Any CPU
		{4F347BAB-D30A-4C42-B2BD-91057D685444}.Release|Any CPU.ActiveCfg = Release|Any CPU
		{4F347BAB-D30A-4C42-B2BD-91057D685444}.Release|Any CPU.Build.0 = Release|Any CPU
		{F16D7D15-9B18-4630-9053-ED8433BA4E79}.Debug|Any CPU.ActiveCfg = Debug|Any CPU
		{F16D7D15-9B18-4630-9053-ED8433BA4E79}.Debug|Any CPU.Build.0 = Debug|Any CPU
		{F16D7D15-9B18-4630-9053-ED8433BA4E79}.Release|Any CPU.ActiveCfg = Release|Any CPU
		{F16D7D15-9B18-4630-9053-ED8433BA4E79}.Release|Any CPU.Build.0 = Release|Any CPU
		{70BD4096-440D-4D83-B2D7-DD721F7D4629}.Debug|Any CPU.ActiveCfg = Debug|Any CPU
		{70BD4096-440D-4D83-B2D7-DD721F7D4629}.Debug|Any CPU.Build.0 = Debug|Any CPU
		{70BD4096-440D-4D83-B2D7-DD721F7D4629}.Release|Any CPU.ActiveCfg = Release|Any CPU
		{70BD4096-440D-4D83-B2D7-DD721F7D4629}.Release|Any CPU.Build.0 = Release|Any CPU
	EndGlobalSection
	GlobalSection(SolutionProperties) = preSolution
		HideSolutionNode = FALSE
	EndGlobalSection
	GlobalSection(NestedProjects) = preSolution
		{4F347BAB-D30A-4C42-B2BD-91057D685444} = {A5AAEA1F-8266-4780-BDD1-CDDF3E31A3FC}
		{F16D7D15-9B18-4630-9053-ED8433BA4E79} = {A5AAEA1F-8266-4780-BDD1-CDDF3E31A3FC}
	EndGlobalSection
	GlobalSection(ExtensibilityGlobals) = postSolution
		SolutionGuid = {F1280395-702B-4315-9275-D426C0070D53}
	EndGlobalSection
EndGlobal
